
Microsoft Visual Studio Solution File, Format Version 12.00
# Visual Studio 15
VisualStudioVersion = 15.0.27004.2002
MinimumVisualStudioVersion = 10.0.40219.1
Project("{888888A0-9F3D-457C-B088-3A5042F75D52}") = "CH 07. Cleaning Data in Python", "CH 07. Cleaning Data in Python\CH 07. Cleaning Data in Python.pyproj", "{B0A77416-D686-4FB2-97D0-B916596FA5D2}"
EndProject
Global
	GlobalSection(SolutionConfigurationPlatforms) = preSolution
		Debug|Any CPU = Debug|Any CPU
		Release|Any CPU = Release|Any CPU
	EndGlobalSection
	GlobalSection(ProjectConfigurationPlatforms) = postSolution
		{B0A77416-D686-4FB2-97D0-B916596FA5D2}.Debug|Any CPU.ActiveCfg = Debug|Any CPU
		{B0A77416-D686-4FB2-97D0-B916596FA5D2}.Release|Any CPU.ActiveCfg = Release|Any CPU
	EndGlobalSection
	GlobalSection(SolutionProperties) = preSolution
		HideSolutionNode = FALSE
	EndGlobalSection
	GlobalSection(ExtensibilityGlobals) = postSolution
		SolutionGuid = {0102BF35-7DC2-4C9C-B458-DE28DF3FFC49}
	EndGlobalSection
EndGlobal
